PODS:
  - CustomScrollYearView (1.0):
    - CustomScrollYearView/Category (= 1.0)
    - CustomScrollYearView/Layout (= 1.0)
    - CustomScrollYearView/Subviews (= 1.0)
  - CustomScrollYearView/Category (1.0)
  - CustomScrollYearView/Layout (1.0)
  - CustomScrollYearView/Subviews (1.0)

DEPENDENCIES:
  - CustomScrollYearView (from `https://github.com/FelixYin66/ScrollYearView.git`)

EXTERNAL SOURCES:
  CustomScrollYearView:
    :git: https://github.com/FelixYin66/ScrollYearView.git

CHECKOUT OPTIONS:
  CustomScrollYearView:
    :commit: 309e45e84fc0990050fb4015c56fced5acc63c17
    :git: https://github.com/FelixYin66/ScrollYearView.git

SPEC CHECKSUMS:
  CustomScrollYearView: 75b47f3c6db2e51f3d9c885404fc1b19a873afa2

PODFILE CHECKSUM: 3d51b241990c5f2b0c0ce983e418d8763bec5619

COCOAPODS: 1.8.4
